<?xml version="1.0" encoding="utf-8"?>
<Project ToolsVersion="4.0" xmlns="http://schemas.microsoft.com/developer/msbuild/2003">
  <ItemGroup>
    <ClCompile Include="Render\Camera.cpp">
      <Filter>Render</Filter>
    </ClCompile>
    <ClCompile Include="Render\Render.cpp">
      <Filter>Render</Filter>
    </ClCompile>
    <ClCompile Include="RenderUtils.cpp" />
    <ClCompile Include="main.cpp" />
    <ClCompile Include="callbacks.cpp" />
    <ClCompile Include="particle.cpp" />
    <ClCompile Include="sceneManager.cpp" />
    <ClCompile Include="particleGenerator.cpp" />
    <ClCompile Include="particleSystem.cpp" />
    <ClCompile Include="gaussianParticleGenerator.cpp" />
    <ClCompile Include="uniformParticleGenerator.cpp" />
    <ClCompile Include="firework.cpp" />
    <ClCompile Include="CircleParticleGenerator.cpp" />
    <ClCompile Include="Projectile.cpp" />
    <ClCompile Include="ForceGenerator.cpp" />
    <ClCompile Include="ParticleForceRegistry.cpp" />
    <ClCompile Include="GravityForceGenerator.cpp" />
    <ClCompile Include="ParticleDragGenerator.cpp" />
    <ClCompile Include="WindForceGenerator.cpp" />
    <ClCompile Include="WhirlwindForceGenerator.cpp" />
    <ClCompile Include="ExplosionForceGenerator.cpp" />
    <ClCompile Include="SpringForceGenerator.cpp" />
    <ClCompile Include="AnchoredSpringForceGenerator.cpp" />
    <ClCompile Include="BuoyancyForceGenerator.cpp" />
    <ClCompile Include="ParticleBungee.cpp" />
    <ClCompile Include="RBParticle.cpp" />
    <ClCompile Include="RBParticleSystem.cpp" />
    <ClCompile Include="RBParticleForceRegistry.cpp" />
    <ClCompile Include="RBUniformParticleGenerator.cpp" />
    <ClCompile Include="RBParticleGenerator.cpp" />
  </ItemGroup>
  <ItemGroup>
    <ClInclude Include="core.hpp" />
    <ClInclude Include="Render\Camera.h">
      <Filter>Render</Filter>
    </ClInclude>
    <ClInclude Include="Render\Render.h">
      <Filter>Render</Filter>
    </ClInclude>
    <ClInclude Include="RenderUtils.hpp" />
    <ClInclude Include="callbacks.hpp" />
    <ClInclude Include="particle.h" />
    <ClInclude Include="sceneManager.h" />
    <ClInclude Include="particleGenerator.h" />
    <ClInclude Include="particleSystem.h" />
    <ClInclude Include="gaussianParticleGenerator.h" />
    <ClInclude Include="uniformParticleGenerator.h" />
    <ClInclude Include="firework.h" />
    <ClInclude Include="CircleParticleGenerator.h" />
    <ClInclude Include="Projectile.h" />
    <ClInclude Include="ForceGenerator.h" />
    <ClInclude Include="ParticleForceRegistry.h" />
    <ClInclude Include="GravityForceGenerator.h" />
    <ClInclude Include="ParticleDragGenerator.h" />
    <ClInclude Include="WindForceGenerator.h" />
    <ClInclude Include="WhirlwindForceGenerator.h" />
    <ClInclude Include="ExplosionForceGenerator.h" />
    <ClInclude Include="SpringForceGenerator.h" />
    <ClInclude Include="AnchoredSpringForceGenerator.h" />
    <ClInclude Include="BuoyancyForceGenerator.h" />
    <ClInclude Include="ParticleBungee.h" />
    <ClInclude Include="RBParticle.h" />
    <ClInclude Include="RBParticleSystem.h" />
    <ClInclude Include="RBParticleForceRegistry.h" />
    <ClInclude Include="RBUniformParticleGenerator.h" />
    <ClInclude Include="RBParticleGenerator.h" />
  </ItemGroup>
  <ItemGroup>
    <Filter Include="Render">
      <UniqueIdentifier>{d04b4f9f-5a69-465e-8070-25c6d0bcd3c2}</UniqueIdentifier>
    </Filter>
  </ItemGroup>
</Project>